Microsoft Visual Studio Solution File, Format Version 11.00
# Visual Studio 2008

Project("{0C342F3F-E735-85C0-8EAC-CBB35E15E8EF}") = "AreaProgetto", "Assembly-CSharp.csproj", "{BD328CAF-47AB-5922-E8AB-65515D78AEA9}"
EndProject
Global
	GlobalSection(SolutionConfigurationPlatforms) = preSolution
		Debug|Any CPU = Debug|Any CPU
		Release|Any CPU = Release|Any CPU
	EndGlobalSection
	GlobalSection(ProjectConfigurationPlatforms) = postSolution
		{BD328CAF-47AB-5922-E8AB-65515D78AEA9}.Debug|Any CPU.ActiveCfg = Debug|Any CPU
		{BD328CAF-47AB-5922-E8AB-65515D78AEA9}.Debug|Any CPU.Build.0 = Debug|Any CPU
		{BD328CAF-47AB-5922-E8AB-65515D78AEA9}.Release|Any CPU.ActiveCfg = Release|Any CPU
		{BD328CAF-47AB-5922-E8AB-65515D78AEA9}.Release|Any CPU.Build.0 = Release|Any CPU
	EndGlobalSection
	GlobalSection(SolutionProperties) = preSolution
		HideSolutionNode = FALSE
	EndGlobalSection
						GlobalSection(MonoDevelopProperties) = preSolution
		StartupItem = Assembly-CSharp.csproj
	EndGlobalSection
EndGlobal
